
Microsoft Visual Studio Solution File, Format Version 12.00
# Visual Studio 15
VisualStudioVersion = 15.0.28307.489
MinimumVisualStudioVersion = 10.0.40219.1
Project("{FAE04EC0-301F-11D3-BF4B-00C04F79EFBC}") = "TIFFRecompressor", "TIFFRecompressor\TIFFRecompressor.csproj", "{0AFC8C20-C203-4BAC-A697-5010499C94E3}"
EndProject
Global
	GlobalSection(SolutionConfigurationPlatforms) = preSolution
		Debug|Any CPU = Debug|Any CPU
		Release|Any CPU = Release|Any CPU
	EndGlobalSection
	GlobalSection(ProjectConfigurationPlatforms) = postSolution
		{0AFC8C20-C203-4BAC-A697-5010499C94E3}.Debug|Any CPU.ActiveCfg = Debug|Any CPU
		{0AFC8C20-C203-4BAC-A697-5010499C94E3}.Debug|Any CPU.Build.0 = Debug|Any CPU
		{0AFC8C20-C203-4BAC-A697-5010499C94E3}.Release|Any CPU.ActiveCfg = Release|Any CPU
		{0AFC8C20-C203-4BAC-A697-5010499C94E3}.Release|Any CPU.Build.0 = Release|Any CPU
	EndGlobalSection
	GlobalSection(SolutionProperties) = preSolution
		HideSolutionNode = FALSE
	EndGlobalSection
	GlobalSection(ExtensibilityGlobals) = postSolution
		SolutionGuid = {6FE0814B-C8E5-4B64-B512-2E18C95CA2C5}
	EndGlobalSection
EndGlobal
